// !$*UTF8*$!
{
	archiveVersion = 1;
	classes = {
	};
	objectVersion = 48;
	objects = {

/* Begin PBXBuildFile section */
		4A69851AF982C541CAEE777C /* Pods_InstagramFirebaseTests.framework in Frameworks */ = {isa = PBXBuildFile; fileRef = E947B91843F0FDBD35416DE7 /* Pods_InstagramFirebaseTests.framework */; };
		745BD42A20ADD9B0005D574D /* AppDelegate.swift in Sources */ = {isa = PBXBuildFile; fileRef = 745BD42920ADD9B0005D574D /* AppDelegate.swift */; };
		745BD42C20ADD9B0005D574D /* SignUpController.swift in Sources */ = {isa = PBXBuildFile; fileRef = 745BD42B20ADD9B0005D574D /* SignUpController.swift */; };
		745BD42F20ADD9B0005D574D /* Main.storyboard in Resources */ = {isa = PBXBuildFile; fileRef = 745BD42D20ADD9B0005D574D /* Main.storyboard */; };
		745BD43120ADD9B0005D574D /* Assets.xcassets in Resources */ = {isa = PBXBuildFile; fileRef = 745BD43020ADD9B0005D574D /* Assets.xcassets */; };
		745BD43420ADD9B0005D574D /* LaunchScreen.storyboard in Resources */ = {isa = PBXBuildFile; fileRef = 745BD43220ADD9B0005D574D /* LaunchScreen.storyboard */; };
		745BD43F20ADD9B0005D574D /* InstagramFirebaseTests.swift in Sources */ = {isa = PBXBuildFile; fileRef = 745BD43E20ADD9B0005D574D /* InstagramFirebaseTests.swift */; };
		745BD44A20ADD9B0005D574D /* InstagramFirebaseUITests.swift in Sources */ = {isa = PBXBuildFile; fileRef = 745BD44920ADD9B0005D574D /* InstagramFirebaseUITests.swift */; };
		745BD45920AF2896005D574D /* Extensions.swift in Sources */ = {isa = PBXBuildFile; fileRef = 745BD45820AF2895005D574D /* Extensions.swift */; };
		746650C720B9F60300E8B0E5 /* UserProfileHeader.swift in Sources */ = {isa = PBXBuildFile; fileRef = 746650C620B9F60300E8B0E5 /* UserProfileHeader.swift */; };
		7466EDA820CB51FD00B79421 /* PhotoSelectorCell.swift in Sources */ = {isa = PBXBuildFile; fileRef = 7466EDA720CB51FD00B79421 /* PhotoSelectorCell.swift */; };
		748DE80D20B7B1530039698B /* MainTabBarController.swift in Sources */ = {isa = PBXBuildFile; fileRef = 748DE80C20B7B1530039698B /* MainTabBarController.swift */; };
		748DE80F20B7B27B0039698B /* UserProfileController.swift in Sources */ = {isa = PBXBuildFile; fileRef = 748DE80E20B7B27B0039698B /* UserProfileController.swift */; };
		74B8252020C0C960007FFE00 /* LoginController.swift in Sources */ = {isa = PBXBuildFile; fileRef = 74B8251F20C0C960007FFE00 /* LoginController.swift */; };
		74B8252320C62BE4007FFE00 /* PhotoSelectorController.swift in Sources */ = {isa = PBXBuildFile; fileRef = 74B8252220C62BE4007FFE00 /* PhotoSelectorController.swift */; };
		74B86BD620D2C2A5003F6C32 /* PhotoSelectorHeader.swift in Sources */ = {isa = PBXBuildFile; fileRef = 74B86BD520D2C2A5003F6C32 /* PhotoSelectorHeader.swift */; };
		74B86BD820DC8D83003F6C32 /* SharePhotoController.swift in Sources */ = {isa = PBXBuildFile; fileRef = 74B86BD720DC8D83003F6C32 /* SharePhotoController.swift */; };
		74B86BDB20DFFCD8003F6C32 /* Post.swift in Sources */ = {isa = PBXBuildFile; fileRef = 74B86BDA20DFFCD8003F6C32 /* Post.swift */; };
		74B86BDD20E0027B003F6C32 /* UserProfilePhotoCell.swift in Sources */ = {isa = PBXBuildFile; fileRef = 74B86BDC20E0027B003F6C32 /* UserProfilePhotoCell.swift */; };
		74D2A52221481920004013BD /* CommentInputAccessoryView.swift in Sources */ = {isa = PBXBuildFile; fileRef = 74D2A52121481920004013BD /* CommentInputAccessoryView.swift */; };
		74D2A5242149EC44004013BD /* CommentInputTextView.swift in Sources */ = {isa = PBXBuildFile; fileRef = 74D2A5232149EC44004013BD /* CommentInputTextView.swift */; };
		74EEB0F421165B5C0089A30E /* GoogleService-Info.plist in Resources */ = {isa = PBXBuildFile; fileRef = 74EEB0F321165B5C0089A30E /* GoogleService-Info.plist */; };
		74F3ECB720E157BE007B47DF /* CustomImageView.swift in Sources */ = {isa = PBXBuildFile; fileRef = 74F3ECB620E157BE007B47DF /* CustomImageView.swift */; };
		74F3ECBA20E1D0EC007B47DF /* HomeController.swift in Sources */ = {isa = PBXBuildFile; fileRef = 74F3ECB920E1D0EC007B47DF /* HomeController.swift */; };
		74F3ECBC20E1D3E1007B47DF /* HomePostCell.swift in Sources */ = {isa = PBXBuildFile; fileRef = 74F3ECBB20E1D3E1007B47DF /* HomePostCell.swift */; };
		74F3ECBE20E70748007B47DF /* User.swift in Sources */ = {isa = PBXBuildFile; fileRef = 74F3ECBD20E70748007B47DF /* User.swift */; };
		74F3ECC020E721AF007B47DF /* FirebaseUtils.swift in Sources */ = {isa = PBXBuildFile; fileRef = 74F3ECBF20E721AF007B47DF /* FirebaseUtils.swift */; };
		74F3ECC320E74563007B47DF /* UserSearchController.swift in Sources */ = {isa = PBXBuildFile; fileRef = 74F3ECC220E74563007B47DF /* UserSearchController.swift */; };
		74F3ECC520E748D5007B47DF /* UserSearchCell.swift in Sources */ = {isa = PBXBuildFile; fileRef = 74F3ECC420E748D5007B47DF /* UserSearchCell.swift */; };
		74F3ECC820EE726C007B47DF /* CameraController.swift in Sources */ = {isa = PBXBuildFile; fileRef = 74F3ECC720EE726C007B47DF /* CameraController.swift */; };
		74F3ECCA20F1257D007B47DF /* PreviewPhotoContainerView.swift in Sources */ = {isa = PBXBuildFile; fileRef = 74F3ECC920F1257D007B47DF /* PreviewPhotoContainerView.swift */; };
		74F3ECCC20F14042007B47DF /* CustomAnimationPresenter.swift in Sources */ = {isa = PBXBuildFile; fileRef = 74F3ECCB20F14042007B47DF /* CustomAnimationPresenter.swift */; };
		74F3ECCE20F144B0007B47DF /* CustomAnimationDismisser.swift in Sources */ = {isa = PBXBuildFile; fileRef = 74F3ECCD20F144B0007B47DF /* CustomAnimationDismisser.swift */; };
		74F3ECD020F1677F007B47DF /* CommentsController.swift in Sources */ = {isa = PBXBuildFile; fileRef = 74F3ECCF20F1677F007B47DF /* CommentsController.swift */; };
		74F3ECD220F3B9CE007B47DF /* CommentCell.swift in Sources */ = {isa = PBXBuildFile; fileRef = 74F3ECD120F3B9CE007B47DF /* CommentCell.swift */; };
		74F3ECD420F3BC4A007B47DF /* Comment.swift in Sources */ = {isa = PBXBuildFile; fileRef = 74F3ECD320F3BC4A007B47DF /* Comment.swift */; };
		C98CC621F330A38819667432 /* Pods_InstagramFirebaseUITests.framework in Frameworks */ = {isa = PBXBuildFile; fileRef = FE446A02F36A1C7E76602046 /* Pods_InstagramFirebaseUITests.framework */; };
		EA9DDADDC93595022BF9479B /* Pods_InstagramFirebase.framework in Frameworks */ = {isa = PBXBuildFile; fileRef = 7B10EF2731E1BE98564ED32D /* Pods_InstagramFirebase.framework */; };
/* End PBXBuildFile section */

/* Begin PBXContainerItemProxy section */
		745BD43B20ADD9B0005D574D /* PBXContainerItemProxy */ = {
			isa = PBXContainerItemProxy;
			containerPortal = 745BD41E20ADD9B0005D574D /* Project object */;
			proxyType = 1;
			remoteGlobalIDString = 745BD42520ADD9B0005D574D;
			remoteInfo = InstagramFirebase;
		};
		745BD44620ADD9B0005D574D /* PBXContainerItemProxy */ = {
			isa = PBXContainerItemProxy;
			containerPortal = 745BD41E20ADD9B0005D574D /* Project object */;
			proxyType = 1;
			remoteGlobalIDString = 745BD42520ADD9B0005D574D;
			remoteInfo = InstagramFirebase;
		};
/* End PBXContainerItemProxy section */

/* Begin PBXFileReference section */
		2DC230BE6A19201793D70531 /* Pods-InstagramFirebaseTests.release.xcconfig */ = {isa = PBXFileReference; includeInIndex = 1; lastKnownFileType = text.xcconfig; name = "Pods-InstagramFirebaseTests.release.xcconfig"; path = "Pods/Target Support Files/Pods-InstagramFirebaseTests/Pods-InstagramFirebaseTests.release.xcconfig"; sourceTree = "<group>"; };
		3208D23E592D6F6C15CC5BC6 /* Pods-InstagramFirebaseTests.debug.xcconfig */ = {isa = PBXFileReference; includeInIndex = 1; lastKnownFileType = text.xcconfig; name = "Pods-InstagramFirebaseTests.debug.xcconfig"; path = "Pods/Target Support Files/Pods-InstagramFirebaseTests/Pods-InstagramFirebaseTests.debug.xcconfig"; sourceTree = "<group>"; };
		745BD42620ADD9B0005D574D /* InstagramFirebase.app */ = {isa = PBXFileReference; explicitFileType = wrapper.application; includeInIndex = 0; path = InstagramFirebase.app; sourceTree = BUILT_PRODUCTS_DIR; };
		745BD42920ADD9B0005D574D /* AppDelegate.swift */ = {isa = PBXFileReference; lastKnownFileType = sourcecode.swift; path = AppDelegate.swift; sourceTree = "<group>"; };
		745BD42B20ADD9B0005D574D /* SignUpController.swift */ = {isa = PBXFileReference; lastKnownFileType = sourcecode.swift; path = SignUpController.swift; sourceTree = "<group>"; };
		745BD42E20ADD9B0005D574D /* Base */ = {isa = PBXFileReference; lastKnownFileType = file.storyboard; name = Base; path = Base.lproj/Main.storyboard; sourceTree = "<group>"; };
		745BD43020ADD9B0005D574D /* Assets.xcassets */ = {isa = PBXFileReference; lastKnownFileType = folder.assetcatalog; path = Assets.xcassets; sourceTree = "<group>"; };
		745BD43320ADD9B0005D574D /* Base */ = {isa = PBXFileReference; lastKnownFileType = file.storyboard; name = Base; path = Base.lproj/LaunchScreen.storyboard; sourceTree = "<group>"; };
		745BD43520ADD9B0005D574D /* Info.plist */ = {isa = PBXFileReference; lastKnownFileType = text.plist.xml; path = Info.plist; sourceTree = "<group>"; };
		745BD43A20ADD9B0005D574D /* InstagramFirebaseTests.xctest */ = {isa = PBXFileReference; explicitFileType = wrapper.cfbundle; includeInIndex = 0; path = InstagramFirebaseTests.xctest; sourceTree = BUILT_PRODUCTS_DIR; };
		745BD43E20ADD9B0005D574D /* InstagramFirebaseTests.swift */ = {isa = PBXFileReference; lastKnownFileType = sourcecode.swift; path = InstagramFirebaseTests.swift; sourceTree = "<group>"; };
		745BD44020ADD9B0005D574D /* Info.plist */ = {isa = PBXFileReference; lastKnownFileType = text.plist.xml; path = Info.plist; sourceTree = "<group>"; };
		745BD44520ADD9B0005D574D /* InstagramFirebaseUITests.xctest */ = {isa = PBXFileReference; explicitFileType = wrapper.cfbundle; includeInIndex = 0; path = InstagramFirebaseUITests.xctest; sourceTree = BUILT_PRODUCTS_DIR; };
		745BD44920ADD9B0005D574D /* InstagramFirebaseUITests.swift */ = {isa = PBXFileReference; lastKnownFileType = sourcecode.swift; path = InstagramFirebaseUITests.swift; sourceTree = "<group>"; };
		745BD44B20ADD9B0005D574D /* Info.plist */ = {isa = PBXFileReference; lastKnownFileType = text.plist.xml; path = Info.plist; sourceTree = "<group>"; };
		745BD45820AF2895005D574D /* Extensions.swift */ = {isa = PBXFileReference; lastKnownFileType = sourcecode.swift; path = Extensions.swift; sourceTree = "<group>"; };
		746650C620B9F60300E8B0E5 /* UserProfileHeader.swift */ = {isa = PBXFileReference; lastKnownFileType = sourcecode.swift; path = UserProfileHeader.swift; sourceTree = "<group>"; };
		7466EDA720CB51FD00B79421 /* PhotoSelectorCell.swift */ = {isa = PBXFileReference; lastKnownFileType = sourcecode.swift; path = PhotoSelectorCell.swift; sourceTree = "<group>"; };
		748DE80C20B7B1530039698B /* MainTabBarController.swift */ = {isa = PBXFileReference; lastKnownFileType = sourcecode.swift; path = MainTabBarController.swift; sourceTree = "<group>"; };
		748DE80E20B7B27B0039698B /* UserProfileController.swift */ = {isa = PBXFileReference; lastKnownFileType = sourcecode.swift; path = UserProfileController.swift; sourceTree = "<group>"; };
		74B8251F20C0C960007FFE00 /* LoginController.swift */ = {isa = PBXFileReference; lastKnownFileType = sourcecode.swift; path = LoginController.swift; sourceTree = "<group>"; };
		74B8252220C62BE4007FFE00 /* PhotoSelectorController.swift */ = {isa = PBXFileReference; lastKnownFileType = sourcecode.swift; path = PhotoSelectorController.swift; sourceTree = "<group>"; };
		74B86BD520D2C2A5003F6C32 /* PhotoSelectorHeader.swift */ = {isa = PBXFileReference; lastKnownFileType = sourcecode.swift; path = PhotoSelectorHeader.swift; sourceTree = "<group>"; };
		74B86BD720DC8D83003F6C32 /* SharePhotoController.swift */ = {isa = PBXFileReference; lastKnownFileType = sourcecode.swift; path = SharePhotoController.swift; sourceTree = "<group>"; };
		74B86BDA20DFFCD8003F6C32 /* Post.swift */ = {isa = PBXFileReference; lastKnownFileType = sourcecode.swift; path = Post.swift; sourceTree = "<group>"; };
		74B86BDC20E0027B003F6C32 /* UserProfilePhotoCell.swift */ = {isa = PBXFileReference; lastKnownFileType = sourcecode.swift; path = UserProfilePhotoCell.swift; sourceTree = "<group>"; };
		74D2A52121481920004013BD /* CommentInputAccessoryView.swift */ = {isa = PBXFileReference; lastKnownFileType = sourcecode.swift; path = CommentInputAccessoryView.swift; sourceTree = "<group>"; };
		74D2A5232149EC44004013BD /* CommentInputTextView.swift */ = {isa = PBXFileReference; lastKnownFileType = sourcecode.swift; path = CommentInputTextView.swift; sourceTree = "<group>"; };
		74EEB0F22106F07A0089A30E /* InstagramFirebase.entitlements */ = {isa = PBXFileReference; lastKnownFileType = text.plist.entitlements; path = InstagramFirebase.entitlements; sourceTree = "<group>"; };
		74EEB0F321165B5C0089A30E /* GoogleService-Info.plist */ = {isa = PBXFileReference; fileEncoding = 4; lastKnownFileType = text.plist.xml; path = "GoogleService-Info.plist"; sourceTree = "<group>"; };
		74F3ECB620E157BE007B47DF /* CustomImageView.swift */ = {isa = PBXFileReference; lastKnownFileType = sourcecode.swift; path = CustomImageView.swift; sourceTree = "<group>"; };
		74F3ECB920E1D0EC007B47DF /* HomeController.swift */ = {isa = PBXFileReference; lastKnownFileType = sourcecode.swift; path = HomeController.swift; sourceTree = "<group>"; };
		74F3ECBB20E1D3E1007B47DF /* HomePostCell.swift */ = {isa = PBXFileReference; lastKnownFileType = sourcecode.swift; path = HomePostCell.swift; sourceTree = "<group>"; };
		74F3ECBD20E70748007B47DF /* User.swift */ = {isa = PBXFileReference; lastKnownFileType = sourcecode.swift; path = User.swift; sourceTree = "<group>"; };
		74F3ECBF20E721AF007B47DF /* FirebaseUtils.swift */ = {isa = PBXFileReference; lastKnownFileType = sourcecode.swift; path = FirebaseUtils.swift; sourceTree = "<group>"; };
		74F3ECC220E74563007B47DF /* UserSearchController.swift */ = {isa = PBXFileReference; lastKnownFileType = sourcecode.swift; path = UserSearchController.swift; sourceTree = "<group>"; };
		74F3ECC420E748D5007B47DF /* UserSearchCell.swift */ = {isa = PBXFileReference; lastKnownFileType = sourcecode.swift; path = UserSearchCell.swift; sourceTree = "<group>"; };
		74F3ECC720EE726C007B47DF /* CameraController.swift */ = {isa = PBXFileReference; lastKnownFileType = sourcecode.swift; path = CameraController.swift; sourceTree = "<group>"; };
		74F3ECC920F1257D007B47DF /* PreviewPhotoContainerView.swift */ = {isa = PBXFileReference; lastKnownFileType = sourcecode.swift; path = PreviewPhotoContainerView.swift; sourceTree = "<group>"; };
		74F3ECCB20F14042007B47DF /* CustomAnimationPresenter.swift */ = {isa = PBXFileReference; lastKnownFileType = sourcecode.swift; path = CustomAnimationPresenter.swift; sourceTree = "<group>"; };
		74F3ECCD20F144B0007B47DF /* CustomAnimationDismisser.swift */ = {isa = PBXFileReference; lastKnownFileType = sourcecode.swift; path = CustomAnimationDismisser.swift; sourceTree = "<group>"; };
		74F3ECCF20F1677F007B47DF /* CommentsController.swift */ = {isa = PBXFileReference; lastKnownFileType = sourcecode.swift; path = CommentsController.swift; sourceTree = "<group>"; };
		74F3ECD120F3B9CE007B47DF /* CommentCell.swift */ = {isa = PBXFileReference; lastKnownFileType = sourcecode.swift; path = CommentCell.swift; sourceTree = "<group>"; };
		74F3ECD320F3BC4A007B47DF /* Comment.swift */ = {isa = PBXFileReference; lastKnownFileType = sourcecode.swift; path = Comment.swift; sourceTree = "<group>"; };
		764E18AFA45D8CF0EF46483F /* Pods-InstagramFirebaseUITests.debug.xcconfig */ = {isa = PBXFileReference; includeInIndex = 1; lastKnownFileType = text.xcconfig; name = "Pods-InstagramFirebaseUITests.debug.xcconfig"; path = "Pods/Target Support Files/Pods-InstagramFirebaseUITests/Pods-InstagramFirebaseUITests.debug.xcconfig"; sourceTree = "<group>"; };
		7894A6C7F5AABB4EF2C93D22 /* Pods-InstagramFirebase.release.xcconfig */ = {isa = PBXFileReference; includeInIndex = 1; lastKnownFileType = text.xcconfig; name = "Pods-InstagramFirebase.release.xcconfig"; path = "Pods/Target Support Files/Pods-InstagramFirebase/Pods-InstagramFirebase.release.xcconfig"; sourceTree = "<group>"; };
		7B10EF2731E1BE98564ED32D /* Pods_InstagramFirebase.framework */ = {isa = PBXFileReference; explicitFileType = wrapper.framework; includeInIndex = 0; path = Pods_InstagramFirebase.framework; sourceTree = BUILT_PRODUCTS_DIR; };
		83B599099E3CD7BB352A7353 /* Pods-InstagramFirebaseUITests.release.xcconfig */ = {isa = PBXFileReference; includeInIndex = 1; lastKnownFileType = text.xcconfig; name = "Pods-InstagramFirebaseUITests.release.xcconfig"; path = "Pods/Target Support Files/Pods-InstagramFirebaseUITests/Pods-InstagramFirebaseUITests.release.xcconfig"; sourceTree = "<group>"; };
		B02E7FC9A378C931B87A5D41 /* Pods-InstagramFirebase.debug.xcconfig */ = {isa = PBXFileReference; includeInIndex = 1; lastKnownFileType = text.xcconfig; name = "Pods-InstagramFirebase.debug.xcconfig"; path = "Pods/Target Support Files/Pods-InstagramFirebase/Pods-InstagramFirebase.debug.xcconfig"; sourceTree = "<group>"; };
		E947B91843F0FDBD35416DE7 /* Pods_InstagramFirebaseTests.framework */ = {isa = PBXFileReference; explicitFileType = wrapper.framework; includeInIndex = 0; path = Pods_InstagramFirebaseTests.framework; sourceTree = BUILT_PRODUCTS_DIR; };
		FE446A02F36A1C7E76602046 /* Pods_InstagramFirebaseUITests.framework */ = {isa = PBXFileReference; explicitFileType = wrapper.framework; includeInIndex = 0; path = Pods_InstagramFirebaseUITests.framework; sourceTree = BUILT_PRODUCTS_DIR; };
/* End PBXFileReference section */

/* Begin PBXFrameworksBuildPhase section */
		745BD42320ADD9B0005D574D /* Frameworks */ = {
			isa = PBXFrameworksBuildPhase;
			buildActionMask = 2147483647;
			files = (
				EA9DDADDC93595022BF9479B /* Pods_InstagramFirebase.framework in Frameworks */,
			);
			runOnlyForDeploymentPostprocessing = 0;
		};
		745BD43720ADD9B0005D574D /* Frameworks */ = {
			isa = PBXFrameworksBuildPhase;
			buildActionMask = 2147483647;
			files = (
				4A69851AF982C541CAEE777C /* Pods_InstagramFirebaseTests.framework in Frameworks */,
			);
			runOnlyForDeploymentPostprocessing = 0;
		};
		745BD44220ADD9B0005D574D /* Frameworks */ = {
			isa = PBXFrameworksBuildPhase;
			buildActionMask = 2147483647;
			files = (
				C98CC621F330A38819667432 /* Pods_InstagramFirebaseUITests.framework in Frameworks */,
			);
			runOnlyForDeploymentPostprocessing = 0;
		};
/* End PBXFrameworksBuildPhase section */

/* Begin PBXGroup section */
		236AC9CD1B54E09182F3DC54 /* Pods */ = {
			isa = PBXGroup;
			children = (
				B02E7FC9A378C931B87A5D41 /* Pods-InstagramFirebase.debug.xcconfig */,
				7894A6C7F5AABB4EF2C93D22 /* Pods-InstagramFirebase.release.xcconfig */,
				3208D23E592D6F6C15CC5BC6 /* Pods-InstagramFirebaseTests.debug.xcconfig */,
				2DC230BE6A19201793D70531 /* Pods-InstagramFirebaseTests.release.xcconfig */,
				764E18AFA45D8CF0EF46483F /* Pods-InstagramFirebaseUITests.debug.xcconfig */,
				83B599099E3CD7BB352A7353 /* Pods-InstagramFirebaseUITests.release.xcconfig */,
			);
			name = Pods;
			sourceTree = "<group>";
		};
		67F98C49525B0F45C5FDA8ED /* Frameworks */ = {
			isa = PBXGroup;
			children = (
				7B10EF2731E1BE98564ED32D /* Pods_InstagramFirebase.framework */,
				E947B91843F0FDBD35416DE7 /* Pods_InstagramFirebaseTests.framework */,
				FE446A02F36A1C7E76602046 /* Pods_InstagramFirebaseUITests.framework */,
			);
			name = Frameworks;
			sourceTree = "<group>";
		};
		745BD41D20ADD9B0005D574D = {
			isa = PBXGroup;
			children = (
				745BD42820ADD9B0005D574D /* InstagramFirebase */,
				745BD43D20ADD9B0005D574D /* InstagramFirebaseTests */,
				745BD44820ADD9B0005D574D /* InstagramFirebaseUITests */,
				745BD42720ADD9B0005D574D /* Products */,
				236AC9CD1B54E09182F3DC54 /* Pods */,
				67F98C49525B0F45C5FDA8ED /* Frameworks */,
			);
			sourceTree = "<group>";
		};
		745BD42720ADD9B0005D574D /* Products */ = {
			isa = PBXGroup;
			children = (
				745BD42620ADD9B0005D574D /* InstagramFirebase.app */,
				745BD43A20ADD9B0005D574D /* InstagramFirebaseTests.xctest */,
				745BD44520ADD9B0005D574D /* InstagramFirebaseUITests.xctest */,
			);
			name = Products;
			sourceTree = "<group>";
		};
		745BD42820ADD9B0005D574D /* InstagramFirebase */ = {
			isa = PBXGroup;
			children = (
				74EEB0F22106F07A0089A30E /* InstagramFirebase.entitlements */,
				74F3ECC620EE7260007B47DF /* Camera */,
				74F3ECC120E74551007B47DF /* Search */,
				74F3ECB820E1D0E0007B47DF /* Home */,
				74B86BD920DFFC51003F6C32 /* Models */,
				74B8252120C62BD5007FFE00 /* AddPhoto */,
				74B8251E20C0C943007FFE00 /* Login */,
				746650C520B9F5F000E8B0E5 /* UserProfile */,
				745BD45720AF285C005D574D /* Utils */,
				745BD42920ADD9B0005D574D /* AppDelegate.swift */,
				748DE80C20B7B1530039698B /* MainTabBarController.swift */,
				745BD42D20ADD9B0005D574D /* Main.storyboard */,
				745BD43020ADD9B0005D574D /* Assets.xcassets */,
				745BD43220ADD9B0005D574D /* LaunchScreen.storyboard */,
				745BD43520ADD9B0005D574D /* Info.plist */,
				74EEB0F321165B5C0089A30E /* GoogleService-Info.plist */,
			);
			path = InstagramFirebase;
			sourceTree = "<group>";
		};
		745BD43D20ADD9B0005D574D /* InstagramFirebaseTests */ = {
			isa = PBXGroup;
			children = (
				745BD43E20ADD9B0005D574D /* InstagramFirebaseTests.swift */,
				745BD44020ADD9B0005D574D /* Info.plist */,
			);
			path = InstagramFirebaseTests;
			sourceTree = "<group>";
		};
		745BD44820ADD9B0005D574D /* InstagramFirebaseUITests */ = {
			isa = PBXGroup;
			children = (
				745BD44920ADD9B0005D574D /* InstagramFirebaseUITests.swift */,
				745BD44B20ADD9B0005D574D /* Info.plist */,
			);
			path = InstagramFirebaseUITests;
			sourceTree = "<group>";
		};
		745BD45720AF285C005D574D /* Utils */ = {
			isa = PBXGroup;
			children = (
				745BD45820AF2895005D574D /* Extensions.swift */,
				74F3ECB620E157BE007B47DF /* CustomImageView.swift */,
				74F3ECBF20E721AF007B47DF /* FirebaseUtils.swift */,
			);
			path = Utils;
			sourceTree = "<group>";
		};
		746650C520B9F5F000E8B0E5 /* UserProfile */ = {
			isa = PBXGroup;
			children = (
				748DE80E20B7B27B0039698B /* UserProfileController.swift */,
				746650C620B9F60300E8B0E5 /* UserProfileHeader.swift */,
				74B86BDC20E0027B003F6C32 /* UserProfilePhotoCell.swift */,
			);
			path = UserProfile;
			sourceTree = "<group>";
		};
		74B8251E20C0C943007FFE00 /* Login */ = {
			isa = PBXGroup;
			children = (
				74B8251F20C0C960007FFE00 /* LoginController.swift */,
				745BD42B20ADD9B0005D574D /* SignUpController.swift */,
			);
			path = Login;
			sourceTree = "<group>";
		};
		74B8252120C62BD5007FFE00 /* AddPhoto */ = {
			isa = PBXGroup;
			children = (
				74B8252220C62BE4007FFE00 /* PhotoSelectorController.swift */,
				7466EDA720CB51FD00B79421 /* PhotoSelectorCell.swift */,
				74B86BD520D2C2A5003F6C32 /* PhotoSelectorHeader.swift */,
				74B86BD720DC8D83003F6C32 /* SharePhotoController.swift */,
			);
			path = AddPhoto;
			sourceTree = "<group>";
		};
		74B86BD920DFFC51003F6C32 /* Models */ = {
			isa = PBXGroup;
			children = (
				74B86BDA20DFFCD8003F6C32 /* Post.swift */,
				74F3ECBD20E70748007B47DF /* User.swift */,
				74F3ECD320F3BC4A007B47DF /* Comment.swift */,
			);
			path = Models;
			sourceTree = "<group>";
		};
		74F3ECB820E1D0E0007B47DF /* Home */ = {
			isa = PBXGroup;
			children = (
				74F3ECB920E1D0EC007B47DF /* HomeController.swift */,
				74F3ECBB20E1D3E1007B47DF /* HomePostCell.swift */,
				74F3ECCF20F1677F007B47DF /* CommentsController.swift */,
				74F3ECD120F3B9CE007B47DF /* CommentCell.swift */,
				74D2A52121481920004013BD /* CommentInputAccessoryView.swift */,
				74D2A5232149EC44004013BD /* CommentInputTextView.swift */,
			);
			path = Home;
			sourceTree = "<group>";
		};
		74F3ECC120E74551007B47DF /* Search */ = {
			isa = PBXGroup;
			children = (
				74F3ECC220E74563007B47DF /* UserSearchController.swift */,
				74F3ECC420E748D5007B47DF /* UserSearchCell.swift */,
			);
			path = Search;
			sourceTree = "<group>";
		};
		74F3ECC620EE7260007B47DF /* Camera */ = {
			isa = PBXGroup;
			children = (
				74F3ECC720EE726C007B47DF /* CameraController.swift */,
				74F3ECC920F1257D007B47DF /* PreviewPhotoContainerView.swift */,
				74F3ECCB20F14042007B47DF /* CustomAnimationPresenter.swift */,
				74F3ECCD20F144B0007B47DF /* CustomAnimationDismisser.swift */,
			);
			path = Camera;
			sourceTree = "<group>";
		};
/* End PBXGroup section */

/* Begin PBXNativeTarget section */
		745BD42520ADD9B0005D574D /* InstagramFirebase */ = {
			isa = PBXNativeTarget;
			buildConfigurationList = 745BD44E20ADD9B0005D574D /* Build configuration list for PBXNativeTarget "InstagramFirebase" */;
			buildPhases = (
				7751D91C9915A806F695648C /* [CP] Check Pods Manifest.lock */,
				745BD42220ADD9B0005D574D /* Sources */,
				745BD42320ADD9B0005D574D /* Frameworks */,
				745BD42420ADD9B0005D574D /* Resources */,
				94F2DB80A0B5F44DB0D7C638 /* [CP] Embed Pods Frameworks */,
			);
			buildRules = (
			);
			dependencies = (
			);
			name = InstagramFirebase;
			productName = InstagramFirebase;
			productReference = 745BD42620ADD9B0005D574D /* InstagramFirebase.app */;
			productType = "com.apple.product-type.application";
		};
		745BD43920ADD9B0005D574D /* InstagramFirebaseTests */ = {
			isa = PBXNativeTarget;
			buildConfigurationList = 745BD45120ADD9B0005D574D /* Build configuration list for PBXNativeTarget "InstagramFirebaseTests" */;
			buildPhases = (
				8AD2810163E6C91964F4518F /* [CP] Check Pods Manifest.lock */,
				745BD43620ADD9B0005D574D /* Sources */,
				745BD43720ADD9B0005D574D /* Frameworks */,
				745BD43820ADD9B0005D574D /* Resources */,
			);
			buildRules = (
			);
			dependencies = (
				745BD43C20ADD9B0005D574D /* PBXTargetDependency */,
			);
			name = InstagramFirebaseTests;
			productName = InstagramFirebaseTests;
			productReference = 745BD43A20ADD9B0005D574D /* InstagramFirebaseTests.xctest */;
			productType = "com.apple.product-type.bundle.unit-test";
		};
		745BD44420ADD9B0005D574D /* InstagramFirebaseUITests */ = {
			isa = PBXNativeTarget;
			buildConfigurationList = 745BD45420ADD9B0005D574D /* Build configuration list for PBXNativeTarget "InstagramFirebaseUITests" */;
			buildPhases = (
				D53148A53F6405F0FB507851 /* [CP] Check Pods Manifest.lock */,
				745BD44120ADD9B0005D574D /* Sources */,
				745BD44220ADD9B0005D574D /* Frameworks */,
				745BD44320ADD9B0005D574D /* Resources */,
			);
			buildRules = (
			);
			dependencies = (
				745BD44720ADD9B0005D574D /* PBXTargetDependency */,
			);
			name = InstagramFirebaseUITests;
			productName = InstagramFirebaseUITests;
			productReference = 745BD44520ADD9B0005D574D /* InstagramFirebaseUITests.xctest */;
			productType = "com.apple.product-type.bundle.ui-testing";
		};
/* End PBXNativeTarget section */

/* Begin PBXProject section */
		745BD41E20ADD9B0005D574D /* Project object */ = {
			isa = PBXProject;
			attributes = {
				LastSwiftUpdateCheck = 0910;
				LastUpgradeCheck = 0940;
				ORGANIZATIONNAME = "Joseph Clinch";
				TargetAttributes = {
					745BD42520ADD9B0005D574D = {
						CreatedOnToolsVersion = 9.1;
						ProvisioningStyle = Automatic;
						SystemCapabilities = {
							com.apple.Push = {
								enabled = 1;
							};
						};
					};
					745BD43920ADD9B0005D574D = {
						CreatedOnToolsVersion = 9.1;
						ProvisioningStyle = Automatic;
						TestTargetID = 745BD42520ADD9B0005D574D;
					};
					745BD44420ADD9B0005D574D = {
						CreatedOnToolsVersion = 9.1;
						ProvisioningStyle = Automatic;
						TestTargetID = 745BD42520ADD9B0005D574D;
					};
				};
			};
			buildConfigurationList = 745BD42120ADD9B0005D574D /* Build configuration list for PBXProject "InstagramFirebase" */;
			compatibilityVersion = "Xcode 8.0";
			developmentRegion = en;
			hasScannedForEncodings = 0;
			knownRegions = (
				en,
				Base,
			);
			mainGroup = 745BD41D20ADD9B0005D574D;
			productRefGroup = 745BD42720ADD9B0005D574D /* Products */;
			projectDirPath = "";
			projectRoot = "";
			targets = (
				745BD42520ADD9B0005D574D /* InstagramFirebase */,
				745BD43920ADD9B0005D574D /* InstagramFirebaseTests */,
				745BD44420ADD9B0005D574D /* InstagramFirebaseUITests */,
			);
		};
/* End PBXProject section */

/* Begin PBXResourcesBuildPhase section */
		745BD42420ADD9B0005D574D /* Resources */ = {
			isa = PBXResourcesBuildPhase;
			buildActionMask = 2147483647;
			files = (
				745BD43420ADD9B0005D574D /* LaunchScreen.storyboard in Resources */,
				745BD43120ADD9B0005D574D /* Assets.xcassets in Resources */,
				745BD42F20ADD9B0005D574D /* Main.storyboard in Resources */,
				74EEB0F421165B5C0089A30E /* GoogleService-Info.plist in Resources */,
			);
			runOnlyForDeploymentPostprocessing = 0;
		};
		745BD43820ADD9B0005D574D /* Resources */ = {
			isa = PBXResourcesBuildPhase;
			buildActionMask = 2147483647;
			files = (
			);
			runOnlyForDeploymentPostprocessing = 0;
		};
		745BD44320ADD9B0005D574D /* Resources */ = {
			isa = PBXResourcesBuildPhase;
			buildActionMask = 2147483647;
			files = (
			);
			runOnlyForDeploymentPostprocessing = 0;
		};
/* End PBXResourcesBuildPhase section */

/* Begin PBXShellScriptBuildPhase section */
		7751D91C9915A806F695648C /* [CP] Check Pods Manifest.lock */ = {
			isa = PBXShellScriptBuildPhase;
			buildActionMask = 2147483647;
			files = (
			);
			inputPaths = (
				"${PODS_PODFILE_DIR_PATH}/Podfile.lock",
				"${PODS_ROOT}/Manifest.lock",
			);
			name = "[CP] Check Pods Manifest.lock";
			outputPaths = (
				"$(DERIVED_FILE_DIR)/Pods-InstagramFirebase-checkManifestLockResult.txt",
			);
			runOnlyForDeploymentPostprocessing = 0;
			shellPath = /bin/sh;
			shellScript = "diff \"${PODS_PODFILE_DIR_PATH}/Podfile.lock\" \"${PODS_ROOT}/Manifest.lock\" > /dev/null\nif [ $? != 0 ] ; then\n    # print error to STDERR\n    echo \"error: The sandbox is not in sync with the Podfile.lock. Run 'pod install' or update your CocoaPods installation.\" >&2\n    exit 1\nfi\n# This output is used by Xcode 'outputs' to avoid re-running this script phase.\necho \"SUCCESS\" > \"${SCRIPT_OUTPUT_FILE_0}\"\n";
			showEnvVarsInLog = 0;
		};
		8AD2810163E6C91964F4518F /* [CP] Check Pods Manifest.lock */ = {
			isa = PBXShellScriptBuildPhase;
			buildActionMask = 2147483647;
			files = (
			);
			inputPaths = (
				"${PODS_PODFILE_DIR_PATH}/Podfile.lock",
				"${PODS_ROOT}/Manifest.lock",
			);
			name = "[CP] Check Pods Manifest.lock";
			outputPaths = (
				"$(DERIVED_FILE_DIR)/Pods-InstagramFirebaseTests-checkManifestLockResult.txt",
			);
			runOnlyForDeploymentPostprocessing = 0;
			shellPath = /bin/sh;
			shellScript = "diff \"${PODS_PODFILE_DIR_PATH}/Podfile.lock\" \"${PODS_ROOT}/Manifest.lock\" > /dev/null\nif [ $? != 0 ] ; then\n    # print error to STDERR\n    echo \"error: The sandbox is not in sync with the Podfile.lock. Run 'pod install' or update your CocoaPods installation.\" >&2\n    exit 1\nfi\n# This output is used by Xcode 'outputs' to avoid re-running this script phase.\necho \"SUCCESS\" > \"${SCRIPT_OUTPUT_FILE_0}\"\n";
			showEnvVarsInLog = 0;
		};
		94F2DB80A0B5F44DB0D7C638 /* [CP] Embed Pods Frameworks */ = {
			isa = PBXShellScriptBuildPhase;
			buildActionMask = 2147483647;
			files = (
			);
			inputPaths = (
				"${SRCROOT}/Pods/Target Support Files/Pods-InstagramFirebase/Pods-InstagramFirebase-frameworks.sh",
				"${BUILT_PRODUCTS_DIR}/GTMSessionFetcher/GTMSessionFetcher.framework",
				"${BUILT_PRODUCTS_DIR}/GoogleToolboxForMac/GoogleToolboxForMac.framework",
				"${BUILT_PRODUCTS_DIR}/Protobuf/Protobuf.framework",
				"${BUILT_PRODUCTS_DIR}/leveldb-library/leveldb.framework",
				"${BUILT_PRODUCTS_DIR}/nanopb/nanopb.framework",
			);
			name = "[CP] Embed Pods Frameworks";
			outputPaths = (
				"${TARGET_BUILD_DIR}/${FRAMEWORKS_FOLDER_PATH}/GTMSessionFetcher.framework",
				"${TARGET_BUILD_DIR}/${FRAMEWORKS_FOLDER_PATH}/GoogleToolboxForMac.framework",
				"${TARGET_BUILD_DIR}/${FRAMEWORKS_FOLDER_PATH}/Protobuf.framework",
				"${TARGET_BUILD_DIR}/${FRAMEWORKS_FOLDER_PATH}/leveldb.framework",
				"${TARGET_BUILD_DIR}/${FRAMEWORKS_FOLDER_PATH}/nanopb.framework",
			);
			runOnlyForDeploymentPostprocessing = 0;
			shellPath = /bin/sh;
			shellScript = "\"${SRCROOT}/Pods/Target Support Files/Pods-InstagramFirebase/Pods-InstagramFirebase-frameworks.sh\"\n";
			showEnvVarsInLog = 0;
		};
		D53148A53F6405F0FB507851 /* [CP] Check Pods Manifest.lock */ = {
			isa = PBXShellScriptBuildPhase;
			buildActionMask = 2147483647;
			files = (
			);
			inputPaths = (
				"${PODS_PODFILE_DIR_PATH}/Podfile.lock",
				"${PODS_ROOT}/Manifest.lock",
			);
			name = "[CP] Check Pods Manifest.lock";
			outputPaths = (
				"$(DERIVED_FILE_DIR)/Pods-InstagramFirebaseUITests-checkManifestLockResult.txt",
			);
			runOnlyForDeploymentPostprocessing = 0;
			shellPath = /bin/sh;
			shellScript = "diff \"${PODS_PODFILE_DIR_PATH}/Podfile.lock\" \"${PODS_ROOT}/Manifest.lock\" > /dev/null\nif [ $? != 0 ] ; then\n    # print error to STDERR\n    echo \"error: The sandbox is not in sync with the Podfile.lock. Run 'pod install' or update your CocoaPods installation.\" >&2\n    exit 1\nfi\n# This output is used by Xcode 'outputs' to avoid re-running this script phase.\necho \"SUCCESS\" > \"${SCRIPT_OUTPUT_FILE_0}\"\n";
			showEnvVarsInLog = 0;
		};
/* End PBXShellScriptBuildPhase section */

/* Begin PBXSourcesBuildPhase section */
		745BD42220ADD9B0005D574D /* Sources */ = {
			isa = PBXSourcesBuildPhase;
			buildActionMask = 2147483647;
			files = (
				74F3ECC520E748D5007B47DF /* UserSearchCell.swift in Sources */,
				74F3ECC020E721AF007B47DF /* FirebaseUtils.swift in Sources */,
				74B86BD820DC8D83003F6C32 /* SharePhotoController.swift in Sources */,
				745BD42C20ADD9B0005D574D /* SignUpController.swift in Sources */,
				7466EDA820CB51FD00B79421 /* PhotoSelectorCell.swift in Sources */,
				74F3ECB720E157BE007B47DF /* CustomImageView.swift in Sources */,
				74F3ECCC20F14042007B47DF /* CustomAnimationPresenter.swift in Sources */,
				74B86BDB20DFFCD8003F6C32 /* Post.swift in Sources */,
				74F3ECC320E74563007B47DF /* UserSearchController.swift in Sources */,
				745BD45920AF2896005D574D /* Extensions.swift in Sources */,
				74F3ECC820EE726C007B47DF /* CameraController.swift in Sources */,
				74B86BDD20E0027B003F6C32 /* UserProfilePhotoCell.swift in Sources */,
				74F3ECBE20E70748007B47DF /* User.swift in Sources */,
				74F3ECD220F3B9CE007B47DF /* CommentCell.swift in Sources */,
				748DE80D20B7B1530039698B /* MainTabBarController.swift in Sources */,
				746650C720B9F60300E8B0E5 /* UserProfileHeader.swift in Sources */,
				74D2A5242149EC44004013BD /* CommentInputTextView.swift in Sources */,
				74F3ECCE20F144B0007B47DF /* CustomAnimationDismisser.swift in Sources */,
				748DE80F20B7B27B0039698B /* UserProfileController.swift in Sources */,
				745BD42A20ADD9B0005D574D /* AppDelegate.swift in Sources */,
				74F3ECCA20F1257D007B47DF /* PreviewPhotoContainerView.swift in Sources */,
				74D2A52221481920004013BD /* CommentInputAccessoryView.swift in Sources */,
				74B8252020C0C960007FFE00 /* LoginController.swift in Sources */,
				74F3ECBC20E1D3E1007B47DF /* HomePostCell.swift in Sources */,
				74B86BD620D2C2A5003F6C32 /* PhotoSelectorHeader.swift in Sources */,
				74F3ECD020F1677F007B47DF /* CommentsController.swift in Sources */,
				74B8252320C62BE4007FFE00 /* PhotoSelectorController.swift in Sources */,
				74F3ECD420F3BC4A007B47DF /* Comment.swift in Sources */,
				74F3ECBA20E1D0EC007B47DF /* HomeController.swift in Sources */,
			);
			runOnlyForDeploymentPostprocessing = 0;
		};
		745BD43620ADD9B0005D574D /* Sources */ = {
			isa = PBXSourcesBuildPhase;
			buildActionMask = 2147483647;
			files = (
				745BD43F20ADD9B0005D574D /* InstagramFirebaseTests.swift in Sources */,
			);
			runOnlyForDeploymentPostprocessing = 0;
		};
		745BD44120ADD9B0005D574D /* Sources */ = {
			isa = PBXSourcesBuildPhase;
			buildActionMask = 2147483647;
			files = (
				745BD44A20ADD9B0005D574D /* InstagramFirebaseUITests.swift in Sources */,
			);
			runOnlyForDeploymentPostprocessing = 0;
		};
/* End PBXSourcesBuildPhase section */

/* Begin PBXTargetDependency section */
		745BD43C20ADD9B0005D574D /* PBXTargetDependency */ = {
			isa = PBXTargetDependency;
			target = 745BD42520ADD9B0005D574D /* InstagramFirebase */;
			targetProxy = 745BD43B20ADD9B0005D574D /* PBXContainerItemProxy */;
		};
		745BD44720ADD9B0005D574D /* PBXTargetDependency */ = {
			isa = PBXTargetDependency;
			target = 745BD42520ADD9B0005D574D /* InstagramFirebase */;
			targetProxy = 745BD44620ADD9B0005D574D /* PBXContainerItemProxy */;
		};
/* End PBXTargetDependency section */

/* Begin PBXVariantGroup section */
		745BD42D20ADD9B0005D574D /* Main.storyboard */ = {
			isa = PBXVariantGroup;
			children = (
				745BD42E20ADD9B0005D574D /* Base */,
			);
			name = Main.storyboard;
			sourceTree = "<group>";
		};
		745BD43220ADD9B0005D574D /* LaunchScreen.storyboard */ = {
			isa = PBXVariantGroup;
			children = (
				745BD43320ADD9B0005D574D /* Base */,
			);
			name = LaunchScreen.storyboard;
			sourceTree = "<group>";
		};
/* End PBXVariantGroup section */

/* Begin XCBuildConfiguration section */
		745BD44C20ADD9B0005D574D /* Debug */ = {
			isa = XCBuildConfiguration;
			buildSettings = {
				ALWAYS_SEARCH_USER_PATHS = NO;
				CLANG_ANALYZER_NONNULL = YES;
				CLANG_ANALYZER_NUMBER_OBJECT_CONVERSION = YES_AGGRESSIVE;
				CLANG_CXX_LANGUAGE_STANDARD = "gnu++14";
				CLANG_CXX_LIBRARY = "libc++";
				CLANG_ENABLE_MODULES = YES;
				CLANG_ENABLE_OBJC_ARC = YES;
				CLANG_WARN_BLOCK_CAPTURE_AUTORELEASING = YES;
				CLANG_WARN_BOOL_CONVERSION = YES;
				CLANG_WARN_COMMA = YES;
				CLANG_WARN_CONSTANT_CONVERSION = YES;
				CLANG_WARN_DEPRECATED_OBJC_IMPLEMENTATIONS = YES;
				CLANG_WARN_DIRECT_OBJC_ISA_USAGE = YES_ERROR;
				CLANG_WARN_DOCUMENTATION_COMMENTS = YES;
				CLANG_WARN_EMPTY_BODY = YES;
				CLANG_WARN_ENUM_CONVERSION = YES;
				CLANG_WARN_INFINITE_RECURSION = YES;
				CLANG_WARN_INT_CONVERSION = YES;
				CLANG_WARN_NON_LITERAL_NULL_CONVERSION = YES;
				CLANG_WARN_OBJC_IMPLICIT_RETAIN_SELF = YES;
				CLANG_WARN_OBJC_LITERAL_CONVERSION = YES;
				CLANG_WARN_OBJC_ROOT_CLASS = YES_ERROR;
				CLANG_WARN_RANGE_LOOP_ANALYSIS = YES;
				CLANG_WARN_STRICT_PROTOTYPES = YES;
				CLANG_WARN_SUSPICIOUS_MOVE = YES;
				CLANG_WARN_UNGUARDED_AVAILABILITY = YES_AGGRESSIVE;
				CLANG_WARN_UNREACHABLE_CODE = YES;
				CLANG_WARN__DUPLICATE_METHOD_MATCH = YES;
				CODE_SIGN_IDENTITY = "iPhone Developer";
				COPY_PHASE_STRIP = NO;
				DEBUG_INFORMATION_FORMAT = dwarf;
				ENABLE_STRICT_OBJC_MSGSEND = YES;
				ENABLE_TESTABILITY = YES;
				GCC_C_LANGUAGE_STANDARD = gnu11;
				GCC_DYNAMIC_NO_PIC = NO;
				GCC_NO_COMMON_BLOCKS = YES;
				GCC_OPTIMIZATION_LEVEL = 0;
				GCC_PREPROCESSOR_DEFINITIONS = (
					"DEBUG=1",
					"$(inherited)",
				);
				GCC_WARN_64_TO_32_BIT_CONVERSION = YES;
				GCC_WARN_ABOUT_RETURN_TYPE = YES_ERROR;
				GCC_WARN_UNDECLARED_SELECTOR = YES;
				GCC_WARN_UNINITIALIZED_AUTOS = YES_AGGRESSIVE;
				GCC_WARN_UNUSED_FUNCTION = YES;
				GCC_WARN_UNUSED_VARIABLE = YES;
				IPHONEOS_DEPLOYMENT_TARGET = 11.1;
				MTL_ENABLE_DEBUG_INFO = YES;
				ONLY_ACTIVE_ARCH = YES;
				SDKROOT = iphoneos;
				SWIFT_ACTIVE_COMPILATION_CONDITIONS = DEBUG;
				SWIFT_OPTIMIZATION_LEVEL = "-Onone";
			};
			name = Debug;
		};
		745BD44D20ADD9B0005D574D /* Release */ = {
			isa = XCBuildConfiguration;
			buildSettings = {
				ALWAYS_SEARCH_USER_PATHS = NO;
				CLANG_ANALYZER_NONNULL = YES;
				CLANG_ANALYZER_NUMBER_OBJECT_CONVERSION = YES_AGGRESSIVE;
				CLANG_CXX_LANGUAGE_STANDARD = "gnu++14";
				CLANG_CXX_LIBRARY = "libc++";
				CLANG_ENABLE_MODULES = YES;
				CLANG_ENABLE_OBJC_ARC = YES;
				CLANG_WARN_BLOCK_CAPTURE_AUTORELEASING = YES;
				CLANG_WARN_BOOL_CONVERSION = YES;
				CLANG_WARN_COMMA = YES;
				CLANG_WARN_CONSTANT_CONVERSION = YES;
				CLANG_WARN_DEPRECATED_OBJC_IMPLEMENTATIONS = YES;
				CLANG_WARN_DIRECT_OBJC_ISA_USAGE = YES_ERROR;
				CLANG_WARN_DOCUMENTATION_COMMENTS = YES;
				CLANG_WARN_EMPTY_BODY = YES;
				CLANG_WARN_ENUM_CONVERSION = YES;
				CLANG_WARN_INFINITE_RECURSION = YES;
				CLANG_WARN_INT_CONVERSION = YES;
				CLANG_WARN_NON_LITERAL_NULL_CONVERSION = YES;
				CLANG_WARN_OBJC_IMPLICIT_RETAIN_SELF = YES;
				CLANG_WARN_OBJC_LITERAL_CONVERSION = YES;
				CLANG_WARN_OBJC_ROOT_CLASS = YES_ERROR;
				CLANG_WARN_RANGE_LOOP_ANALYSIS = YES;
				CLANG_WARN_STRICT_PROTOTYPES = YES;
				CLANG_WARN_SUSPICIOUS_MOVE = YES;
				CLANG_WARN_UNGUARDED_AVAILABILITY = YES_AGGRESSIVE;
				CLANG_WARN_UNREACHABLE_CODE = YES;
				CLANG_WARN__DUPLICATE_METHOD_MATCH = YES;
				CODE_SIGN_IDENTITY = "iPhone Developer";
				COPY_PHASE_STRIP = NO;
				DEBUG_INFORMATION_FORMAT = "dwarf-with-dsym";
				ENABLE_NS_ASSERTIONS = NO;
				ENABLE_STRICT_OBJC_MSGSEND = YES;
				GCC_C_LANGUAGE_STANDARD = gnu11;
				GCC_NO_COMMON_BLOCKS = YES;
				GCC_WARN_64_TO_32_BIT_CONVERSION = YES;
				GCC_WARN_ABOUT_RETURN_TYPE = YES_ERROR;
				GCC_WARN_UNDECLARED_SELECTOR = YES;
				GCC_WARN_UNINITIALIZED_AUTOS = YES_AGGRESSIVE;
				GCC_WARN_UNUSED_FUNCTION = YES;
				GCC_WARN_UNUSED_VARIABLE = YES;
				IPHONEOS_DEPLOYMENT_TARGET = 11.1;
				MTL_ENABLE_DEBUG_INFO = NO;
				SDKROOT = iphoneos;
				SWIFT_OPTIMIZATION_LEVEL = "-Owholemodule";
				VALIDATE_PRODUCT = YES;
			};
			name = Release;
		};
		745BD44F20ADD9B0005D574D /* Debug */ = {
			isa = XCBuildConfiguration;
			baseConfigurationReference = B02E7FC9A378C931B87A5D41 /* Pods-InstagramFirebase.debug.xcconfig */;
			buildSettings = {
				ASSETCATALOG_COMPILER_APPICON_NAME = AppIcon;
				CODE_SIGN_ENTITLEMENTS = InstagramFirebase/InstagramFirebase.entitlements;
				CODE_SIGN_STYLE = Automatic;
				DEVELOPMENT_TEAM = MFA2NSY6A6;
				INFOPLIST_FILE = InstagramFirebase/Info.plist;
				LD_RUNPATH_SEARCH_PATHS = "$(inherited) @executable_path/Frameworks";
				PRODUCT_BUNDLE_IDENTIFIER = com.pozzyindustries.InstagramFirebasePush;
				PRODUCT_NAME = "$(TARGET_NAME)";
				SWIFT_VERSION = 4.0;
				TARGETED_DEVICE_FAMILY = "1,2";
			};
			name = Debug;
		};
		745BD45020ADD9B0005D574D /* Release */ = {
			isa = XCBuildConfiguration;
			baseConfigurationReference = 7894A6C7F5AABB4EF2C93D22 /* Pods-InstagramFirebase.release.xcconfig */;
			buildSettings = {
				ASSETCATALOG_COMPILER_APPICON_NAME = AppIcon;
				CODE_SIGN_ENTITLEMENTS = InstagramFirebase/InstagramFirebase.entitlements;
				CODE_SIGN_STYLE = Automatic;
				DEVELOPMENT_TEAM = MFA2NSY6A6;
				INFOPLIST_FILE = InstagramFirebase/Info.plist;
				LD_RUNPATH_SEARCH_PATHS = "$(inherited) @executable_path/Frameworks";
				PRODUCT_BUNDLE_IDENTIFIER = com.pozzyindustries.InstagramFirebasePush;
				PRODUCT_NAME = "$(TARGET_NAME)";
				SWIFT_VERSION = 4.0;
				TARGETED_DEVICE_FAMILY = "1,2";
			};
			name = Release;
		};
		745BD45220ADD9B0005D574D /* Debug */ = {
			isa = XCBuildConfiguration;
			baseConfigurationReference = 3208D23E592D6F6C15CC5BC6 /* Pods-InstagramFirebaseTests.debug.xcconfig */;
			buildSettings = {
				ALWAYS_EMBED_SWIFT_STANDARD_LIBRARIES = YES;
				BUNDLE_LOADER = "$(TEST_HOST)";
				CODE_SIGN_STYLE = Automatic;
				INFOPLIST_FILE = InstagramFirebaseTests/Info.plist;
				LD_RUNPATH_SEARCH_PATHS = "$(inherited) @executable_path/Frameworks @loader_path/Frameworks";
				PRODUCT_BUNDLE_IDENTIFIER = com.pozzyindustries.InstagramFirebaseTests;
				PRODUCT_NAME = "$(TARGET_NAME)";
				SWIFT_VERSION = 4.0;
				TARGETED_DEVICE_FAMILY = "1,2";
				TEST_HOST = "$(BUILT_PRODUCTS_DIR)/InstagramFirebase.app/InstagramFirebase";
			};
			name = Debug;
		};
		745BD45320ADD9B0005D574D /* Release */ = {
			isa = XCBuildConfiguration;
			baseConfigurationReference = 2DC230BE6A19201793D70531 /* Pods-InstagramFirebaseTests.release.xcconfig */;
			buildSettings = {
				ALWAYS_EMBED_SWIFT_STANDARD_LIBRARIES = YES;
				BUNDLE_LOADER = "$(TEST_HOST)";
				CODE_SIGN_STYLE = Automatic;
				INFOPLIST_FILE = InstagramFirebaseTests/Info.plist;
				LD_RUNPATH_SEARCH_PATHS = "$(inherited) @executable_path/Frameworks @loader_path/Frameworks";
				PRODUCT_BUNDLE_IDENTIFIER = com.pozzyindustries.InstagramFirebaseTests;
				PRODUCT_NAME = "$(TARGET_NAME)";
				SWIFT_VERSION = 4.0;
				TARGETED_DEVICE_FAMILY = "1,2";
				TEST_HOST = "$(BUILT_PRODUCTS_DIR)/InstagramFirebase.app/InstagramFirebase";
			};
			name = Release;
		};
		745BD45520ADD9B0005D574D /* Debug */ = {
			isa = XCBuildConfiguration;
			baseConfigurationReference = 764E18AFA45D8CF0EF46483F /* Pods-InstagramFirebaseUITests.debug.xcconfig */;
			buildSettings = {
				ALWAYS_EMBED_SWIFT_STANDARD_LIBRARIES = YES;
				CODE_SIGN_STYLE = Automatic;
				INFOPLIST_FILE = InstagramFirebaseUITests/Info.plist;
				LD_RUNPATH_SEARCH_PATHS = "$(inherited) @executable_path/Frameworks @loader_path/Frameworks";
				PRODUCT_BUNDLE_IDENTIFIER = com.pozzyindustries.InstagramFirebaseUITests;
				PRODUCT_NAME = "$(TARGET_NAME)";
				SWIFT_VERSION = 4.0;
				TARGETED_DEVICE_FAMILY = "1,2";
				TEST_TARGET_NAME = InstagramFirebase;
			};
			name = Debug;
		};
		745BD45620ADD9B0005D574D /* Release */ = {
			isa = XCBuildConfiguration;
			baseConfigurationReference = 83B599099E3CD7BB352A7353 /* Pods-InstagramFirebaseUITests.release.xcconfig */;
			buildSettings = {
				ALWAYS_EMBED_SWIFT_STANDARD_LIBRARIES = YES;
				CODE_SIGN_STYLE = Automatic;
				INFOPLIST_FILE = InstagramFirebaseUITests/Info.plist;
				LD_RUNPATH_SEARCH_PATHS = "$(inherited) @executable_path/Frameworks @loader_path/Frameworks";
				PRODUCT_BUNDLE_IDENTIFIER = com.pozzyindustries.InstagramFirebaseUITests;
				PRODUCT_NAME = "$(TARGET_NAME)";
				SWIFT_VERSION = 4.0;
				TARGETED_DEVICE_FAMILY = "1,2";
				TEST_TARGET_NAME = InstagramFirebase;
			};
			name = Release;
		};
/* End XCBuildConfiguration section */

/* Begin XCConfigurationList section */
		745BD42120ADD9B0005D574D /* Build configuration list for PBXProject "InstagramFirebase" */ = {
			isa = XCConfigurationList;
			buildConfigurations = (
				745BD44C20ADD9B0005D574D /* Debug */,
				745BD44D20ADD9B0005D574D /* Release */,
			);
			defaultConfigurationIsVisible = 0;
			defaultConfigurationName = Release;
		};
		745BD44E20ADD9B0005D574D /* Build configuration list for PBXNativeTarget "InstagramFirebase" */ = {
			isa = XCConfigurationList;
			buildConfigurations = (
				745BD44F20ADD9B0005D574D /* Debug */,
				745BD45020ADD9B0005D574D /* Release */,
			);
			defaultConfigurationIsVisible = 0;
			defaultConfigurationName = Release;
		};
		745BD45120ADD9B0005D574D /* Build configuration list for PBXNativeTarget "InstagramFirebaseTests" */ = {
			isa = XCConfigurationList;
			buildConfigurations = (
				745BD45220ADD9B0005D574D /* Debug */,
				745BD45320ADD9B0005D574D /* Release */,
			);
			defaultConfigurationIsVisible = 0;
			defaultConfigurationName = Release;
		};
		745BD45420ADD9B0005D574D /* Build configuration list for PBXNativeTarget "InstagramFirebaseUITests" */ = {
			isa = XCConfigurationList;
			buildConfigurations = (
				745BD45520ADD9B0005D574D /* Debug */,
				745BD45620ADD9B0005D574D /* Release */,
			);
			defaultConfigurationIsVisible = 0;
			defaultConfigurationName = Release;
		};
/* End XCConfigurationList section */
	};
	rootObject = 745BD41E20ADD9B0005D574D /* Project object */;
}
